
Microsoft Visual Studio Solution File, Format Version 12.00
# Visual Studio Version 17
VisualStudioVersion = 17.9.34902.65
MinimumVisualStudioVersion = 10.0.40219.1
Project("{8BC9CEB8-8B4A-11D0-8D11-00A0C91BC942}") = "drobi", "drobi\drobi.vcxproj", "{0268D4F0-FB10-4C4F-A39A-A81C38BA21DE}"
EndProject
Global
	GlobalSection(SolutionConfigurationPlatforms) = preSolution
		Debug|x64 = Debug|x64
		Debug|x86 = Debug|x86
		Release|x64 = Release|x64
		Release|x86 = Release|x86
	EndGlobalSection
	GlobalSection(ProjectConfigurationPlatforms) = postSolution
		{0268D4F0-FB10-4C4F-A39A-A81C38BA21DE}.Debug|x64.ActiveCfg = Debug|x64
		{0268D4F0-FB10-4C4F-A39A-A81C38BA21DE}.Debug|x64.Build.0 = Debug|x64
		{0268D4F0-FB10-4C4F-A39A-A81C38BA21DE}.Debug|x86.ActiveCfg = Debug|Win32
		{0268D4F0-FB10-4C4F-A39A-A81C38BA21DE}.Debug|x86.Build.0 = Debug|Win32
		{0268D4F0-FB10-4C4F-A39A-A81C38BA21DE}.Release|x64.ActiveCfg = Release|x64
		{0268D4F0-FB10-4C4F-A39A-A81C38BA21DE}.Release|x64.Build.0 = Release|x64
		{0268D4F0-FB10-4C4F-A39A-A81C38BA21DE}.Release|x86.ActiveCfg = Release|Win32
		{0268D4F0-FB10-4C4F-A39A-A81C38BA21DE}.Release|x86.Build.0 = Release|Win32
	EndGlobalSection
	GlobalSection(SolutionProperties) = preSolution
		HideSolutionNode = FALSE
	EndGlobalSection
	GlobalSection(ExtensibilityGlobals) = postSolution
		SolutionGuid = {44966762-68AE-4BBA-85FC-3101AD920196}
	EndGlobalSection
EndGlobal
